// !$*UTF8*$!
{
	archiveVersion = 1;
	classes = {
	};
	objectVersion = 50;
	objects = {

/* Begin PBXBuildFile section */
		C508D0BE24EF4724003C4398 /* AppDelegate.swift in Sources */ = {isa = PBXBuildFile; fileRef = C508D0BD24EF4724003C4398 /* AppDelegate.swift */; };
		C508D0C024EF4724003C4398 /* SceneDelegate.swift in Sources */ = {isa = PBXBuildFile; fileRef = C508D0BF24EF4724003C4398 /* SceneDelegate.swift */; };
		C508D0C224EF4724003C4398 /* ViewController.swift in Sources */ = {isa = PBXBuildFile; fileRef = C508D0C124EF4724003C4398 /* ViewController.swift */; };
		C508D0C524EF4724003C4398 /* Main.storyboard in Resources */ = {isa = PBXBuildFile; fileRef = C508D0C324EF4724003C4398 /* Main.storyboard */; };
		C508D0C724EF4726003C4398 /* Assets.xcassets in Resources */ = {isa = PBXBuildFile; fileRef = C508D0C624EF4726003C4398 /* Assets.xcassets */; };
		C508D0CA24EF4726003C4398 /* LaunchScreen.storyboard in Resources */ = {isa = PBXBuildFile; fileRef = C508D0C824EF4726003C4398 /* LaunchScreen.storyboard */; };
		C508D0D524EF4727003C4398 /* TipCalcTests.swift in Sources */ = {isa = PBXBuildFile; fileRef = C508D0D424EF4727003C4398 /* TipCalcTests.swift */; };
		C508D0E024EF4727003C4398 /* TipCalcUITests.swift in Sources */ = {isa = PBXBuildFile; fileRef = C508D0DF24EF4727003C4398 /* TipCalcUITests.swift */; };
		C51A35E424EF82FE00FEDC52 /* SettingsViewController.swift in Sources */ = {isa = PBXBuildFile; fileRef = C51A35E324EF82FE00FEDC52 /* SettingsViewController.swift */; };
/* End PBXBuildFile section */

/* Begin PBXContainerItemProxy section */
		C508D0D124EF4727003C4398 /* PBXContainerItemProxy */ = {
			isa = PBXContainerItemProxy;
			containerPortal = C508D0B224EF4724003C4398 /* Project object */;
			proxyType = 1;
			remoteGlobalIDString = C508D0B924EF4724003C4398;
			remoteInfo = TipCalc;
		};
		C508D0DC24EF4727003C4398 /* PBXContainerItemProxy */ = {
			isa = PBXContainerItemProxy;
			containerPortal = C508D0B224EF4724003C4398 /* Project object */;
			proxyType = 1;
			remoteGlobalIDString = C508D0B924EF4724003C4398;
			remoteInfo = TipCalc;
		};
/* End PBXContainerItemProxy section */

/* Begin PBXFileReference section */
		C508D0BA24EF4724003C4398 /* TipCalc.app */ = {isa = PBXFileReference; explicitFileType = wrapper.application; includeInIndex = 0; path = TipCalc.app; sourceTree = BUILT_PRODUCTS_DIR; };
		C508D0BD24EF4724003C4398 /* AppDelegate.swift */ = {isa = PBXFileReference; lastKnownFileType = sourcecode.swift; path = AppDelegate.swift; sourceTree = "<group>"; };
		C508D0BF24EF4724003C4398 /* SceneDelegate.swift */ = {isa = PBXFileReference; lastKnownFileType = sourcecode.swift; path = SceneDelegate.swift; sourceTree = "<group>"; };
		C508D0C124EF4724003C4398 /* ViewController.swift */ = {isa = PBXFileReference; lastKnownFileType = sourcecode.swift; path = ViewController.swift; sourceTree = "<group>"; };
		C508D0C424EF4724003C4398 /* Base */ = {isa = PBXFileReference; lastKnownFileType = file.storyboard; name = Base; path = Base.lproj/Main.storyboard; sourceTree = "<group>"; };
		C508D0C624EF4726003C4398 /* Assets.xcassets */ = {isa = PBXFileReference; lastKnownFileType = folder.assetcatalog; path = Assets.xcassets; sourceTree = "<group>"; };
		C508D0C924EF4726003C4398 /* Base */ = {isa = PBXFileReference; lastKnownFileType = file.storyboard; name = Base; path = Base.lproj/LaunchScreen.storyboard; sourceTree = "<group>"; };
		C508D0CB24EF4726003C4398 /* Info.plist */ = {isa = PBXFileReference; lastKnownFileType = text.plist.xml; path = Info.plist; sourceTree = "<group>"; };
		C508D0D024EF4727003C4398 /* TipCalcTests.xctest */ = {isa = PBXFileReference; explicitFileType = wrapper.cfbundle; includeInIndex = 0; path = TipCalcTests.xctest; sourceTree = BUILT_PRODUCTS_DIR; };
		C508D0D424EF4727003C4398 /* TipCalcTests.swift */ = {isa = PBXFileReference; lastKnownFileType = sourcecode.swift; path = TipCalcTests.swift; sourceTree = "<group>"; };
		C508D0D624EF4727003C4398 /* Info.plist */ = {isa = PBXFileReference; lastKnownFileType = text.plist.xml; path = Info.plist; sourceTree = "<group>"; };
		C508D0DB24EF4727003C4398 /* TipCalcUITests.xctest */ = {isa = PBXFileReference; explicitFileType = wrapper.cfbundle; includeInIndex = 0; path = TipCalcUITests.xctest; sourceTree = BUILT_PRODUCTS_DIR; };
		C508D0DF24EF4727003C4398 /* TipCalcUITests.swift */ = {isa = PBXFileReference; lastKnownFileType = sourcecode.swift; path = TipCalcUITests.swift; sourceTree = "<group>"; };
		C508D0E124EF4727003C4398 /* Info.plist */ = {isa = PBXFileReference; lastKnownFileType = text.plist.xml; path = Info.plist; sourceTree = "<group>"; };
		C51A35E324EF82FE00FEDC52 /* SettingsViewController.swift */ = {isa = PBXFileReference; lastKnownFileType = sourcecode.swift; path = SettingsViewController.swift; sourceTree = "<group>"; };
/* End PBXFileReference section */

/* Begin PBXFrameworksBuildPhase section */
		C508D0B724EF4724003C4398 /* Frameworks */ = {
			isa = PBXFrameworksBuildPhase;
			buildActionMask = 2147483647;
			files = (
			);
			runOnlyForDeploymentPostprocessing = 0;
		};
		C508D0CD24EF4727003C4398 /* Frameworks */ = {
			isa = PBXFrameworksBuildPhase;
			buildActionMask = 2147483647;
			files = (
			);
			runOnlyForDeploymentPostprocessing = 0;
		};
		C508D0D824EF4727003C4398 /* Frameworks */ = {
			isa = PBXFrameworksBuildPhase;
			buildActionMask = 2147483647;
			files = (
			);
			runOnlyForDeploymentPostprocessing = 0;
		};
/* End PBXFrameworksBuildPhase section */

/* Begin PBXGroup section */
		C508D0B124EF4724003C4398 = {
			isa = PBXGroup;
			children = (
				C508D0BC24EF4724003C4398 /* TipCalc */,
				C508D0D324EF4727003C4398 /* TipCalcTests */,
				C508D0DE24EF4727003C4398 /* TipCalcUITests */,
				C508D0BB24EF4724003C4398 /* Products */,
			);
			sourceTree = "<group>";
		};
		C508D0BB24EF4724003C4398 /* Products */ = {
			isa = PBXGroup;
			children = (
				C508D0BA24EF4724003C4398 /* TipCalc.app */,
				C508D0D024EF4727003C4398 /* TipCalcTests.xctest */,
				C508D0DB24EF4727003C4398 /* TipCalcUITests.xctest */,
			);
			name = Products;
			sourceTree = "<group>";
		};
		C508D0BC24EF4724003C4398 /* TipCalc */ = {
			isa = PBXGroup;
			children = (
				C508D0BD24EF4724003C4398 /* AppDelegate.swift */,
				C508D0BF24EF4724003C4398 /* SceneDelegate.swift */,
				C508D0C124EF4724003C4398 /* ViewController.swift */,
				C508D0C324EF4724003C4398 /* Main.storyboard */,
				C51A35E324EF82FE00FEDC52 /* SettingsViewController.swift */,
				C508D0C624EF4726003C4398 /* Assets.xcassets */,
				C508D0C824EF4726003C4398 /* LaunchScreen.storyboard */,
				C508D0CB24EF4726003C4398 /* Info.plist */,
			);
			path = TipCalc;
			sourceTree = "<group>";
		};
		C508D0D324EF4727003C4398 /* TipCalcTests */ = {
			isa = PBXGroup;
			children = (
				C508D0D424EF4727003C4398 /* TipCalcTests.swift */,
				C508D0D624EF4727003C4398 /* Info.plist */,
			);
			path = TipCalcTests;
			sourceTree = "<group>";
		};
		C508D0DE24EF4727003C4398 /* TipCalcUITests */ = {
			isa = PBXGroup;
			children = (
				C508D0DF24EF4727003C4398 /* TipCalcUITests.swift */,
				C508D0E124EF4727003C4398 /* Info.plist */,
			);
			path = TipCalcUITests;
			sourceTree = "<group>";
		};
/* End PBXGroup section */

/* Begin PBXNativeTarget section */
		C508D0B924EF4724003C4398 /* TipCalc */ = {
			isa = PBXNativeTarget;
			buildConfigurationList = C508D0E424EF4727003C4398 /* Build configuration list for PBXNativeTarget "TipCalc" */;
			buildPhases = (
				C508D0B624EF4724003C4398 /* Sources */,
				C508D0B724EF4724003C4398 /* Frameworks */,
				C508D0B824EF4724003C4398 /* Resources */,
			);
			buildRules = (
			);
			dependencies = (
			);
			name = TipCalc;
			productName = TipCalc;
			productReference = C508D0BA24EF4724003C4398 /* TipCalc.app */;
			productType = "com.apple.product-type.application";
		};
		C508D0CF24EF4727003C4398 /* TipCalcTests */ = {
			isa = PBXNativeTarget;
			buildConfigurationList = C508D0E724EF4727003C4398 /* Build configuration list for PBXNativeTarget "TipCalcTests" */;
			buildPhases = (
				C508D0CC24EF4727003C4398 /* Sources */,
				C508D0CD24EF4727003C4398 /* Frameworks */,
				C508D0CE24EF4727003C4398 /* Resources */,
			);
			buildRules = (
			);
			dependencies = (
				C508D0D224EF4727003C4398 /* PBXTargetDependency */,
			);
			name = TipCalcTests;
			productName = TipCalcTests;
			productReference = C508D0D024EF4727003C4398 /* TipCalcTests.xctest */;
			productType = "com.apple.product-type.bundle.unit-test";
		};
		C508D0DA24EF4727003C4398 /* TipCalcUITests */ = {
			isa = PBXNativeTarget;
			buildConfigurationList = C508D0EA24EF4727003C4398 /* Build configuration list for PBXNativeTarget "TipCalcUITests" */;
			buildPhases = (
				C508D0D724EF4727003C4398 /* Sources */,
				C508D0D824EF4727003C4398 /* Frameworks */,
				C508D0D924EF4727003C4398 /* Resources */,
			);
			buildRules = (
			);
			dependencies = (
				C508D0DD24EF4727003C4398 /* PBXTargetDependency */,
			);
			name = TipCalcUITests;
			productName = TipCalcUITests;
			productReference = C508D0DB24EF4727003C4398 /* TipCalcUITests.xctest */;
			productType = "com.apple.product-type.bundle.ui-testing";
		};
/* End PBXNativeTarget section */

/* Begin PBXProject section */
		C508D0B224EF4724003C4398 /* Project object */ = {
			isa = PBXProject;
			attributes = {
				LastSwiftUpdateCheck = 1130;
				LastUpgradeCheck = 1130;
				ORGANIZATIONNAME = Codepath;
				TargetAttributes = {
					C508D0B924EF4724003C4398 = {
						CreatedOnToolsVersion = 11.3.1;
					};
					C508D0CF24EF4727003C4398 = {
						CreatedOnToolsVersion = 11.3.1;
						TestTargetID = C508D0B924EF4724003C4398;
					};
					C508D0DA24EF4727003C4398 = {
						CreatedOnToolsVersion = 11.3.1;
						TestTargetID = C508D0B924EF4724003C4398;
					};
				};
			};
			buildConfigurationList = C508D0B524EF4724003C4398 /* Build configuration list for PBXProject "TipCalc" */;
			compatibilityVersion = "Xcode 9.3";
			developmentRegion = en;
			hasScannedForEncodings = 0;
			knownRegions = (
				en,
				Base,
			);
			mainGroup = C508D0B124EF4724003C4398;
			productRefGroup = C508D0BB24EF4724003C4398 /* Products */;
			projectDirPath = "";
			projectRoot = "";
			targets = (
				C508D0B924EF4724003C4398 /* TipCalc */,
				C508D0CF24EF4727003C4398 /* TipCalcTests */,
				C508D0DA24EF4727003C4398 /* TipCalcUITests */,
			);
		};
/* End PBXProject section */

/* Begin PBXResourcesBuildPhase section */
		C508D0B824EF4724003C4398 /* Resources */ = {
			isa = PBXResourcesBuildPhase;
			buildActionMask = 2147483647;
			files = (
				C508D0CA24EF4726003C4398 /* LaunchScreen.storyboard in Resources */,
				C508D0C724EF4726003C4398 /* Assets.xcassets in Resources */,
				C508D0C524EF4724003C4398 /* Main.storyboard in Resources */,
			);
			runOnlyForDeploymentPostprocessing = 0;
		};
		C508D0CE24EF4727003C4398 /* Resources */ = {
			isa = PBXResourcesBuildPhase;
			buildActionMask = 2147483647;
			files = (
			);
			runOnlyForDeploymentPostprocessing = 0;
		};
		C508D0D924EF4727003C4398 /* Resources */ = {
			isa = PBXResourcesBuildPhase;
			buildActionMask = 2147483647;
			files = (
			);
			runOnlyForDeploymentPostprocessing = 0;
		};
/* End PBXResourcesBuildPhase section */

/* Begin PBXSourcesBuildPhase section */
		C508D0B624EF4724003C4398 /* Sources */ = {
			isa = PBXSourcesBuildPhase;
			buildActionMask = 2147483647;
			files = (
				C508D0C224EF4724003C4398 /* ViewController.swift in Sources */,
				C508D0BE24EF4724003C4398 /* AppDelegate.swift in Sources */,
				C508D0C024EF4724003C4398 /* SceneDelegate.swift in Sources */,
				C51A35E424EF82FE00FEDC52 /* SettingsViewController.swift in Sources */,
			);
			runOnlyForDeploymentPostprocessing = 0;
		};
		C508D0CC24EF4727003C4398 /* Sources */ = {
			isa = PBXSourcesBuildPhase;
			buildActionMask = 2147483647;
			files = (
				C508D0D524EF4727003C4398 /* TipCalcTests.swift in Sources */,
			);
			runOnlyForDeploymentPostprocessing = 0;
		};
		C508D0D724EF4727003C4398 /* Sources */ = {
			isa = PBXSourcesBuildPhase;
			buildActionMask = 2147483647;
			files = (
				C508D0E024EF4727003C4398 /* TipCalcUITests.swift in Sources */,
			);
			runOnlyForDeploymentPostprocessing = 0;
		};
/* End PBXSourcesBuildPhase section */

/* Begin PBXTargetDependency section */
		C508D0D224EF4727003C4398 /* PBXTargetDependency */ = {
			isa = PBXTargetDependency;
			target = C508D0B924EF4724003C4398 /* TipCalc */;
			targetProxy = C508D0D124EF4727003C4398 /* PBXContainerItemProxy */;
		};
		C508D0DD24EF4727003C4398 /* PBXTargetDependency */ = {
			isa = PBXTargetDependency;
			target = C508D0B924EF4724003C4398 /* TipCalc */;
			targetProxy = C508D0DC24EF4727003C4398 /* PBXContainerItemProxy */;
		};
/* End PBXTargetDependency section */

/* Begin PBXVariantGroup section */
		C508D0C324EF4724003C4398 /* Main.storyboard */ = {
			isa = PBXVariantGroup;
			children = (
				C508D0C424EF4724003C4398 /* Base */,
			);
			name = Main.storyboard;
			sourceTree = "<group>";
		};
		C508D0C824EF4726003C4398 /* LaunchScreen.storyboard */ = {
			isa = PBXVariantGroup;
			children = (
				C508D0C924EF4726003C4398 /* Base */,
			);
			name = LaunchScreen.storyboard;
			sourceTree = "<group>";
		};
/* End PBXVariantGroup section */

/* Begin XCBuildConfiguration section */
		C508D0E224EF4727003C4398 /* Debug */ = {
			isa = XCBuildConfiguration;
			buildSettings = {
				ALWAYS_SEARCH_USER_PATHS = NO;
				CLANG_ANALYZER_NONNULL = YES;
				CLANG_ANALYZER_NUMBER_OBJECT_CONVERSION = YES_AGGRESSIVE;
				CLANG_CXX_LANGUAGE_STANDARD = "gnu++14";
				CLANG_CXX_LIBRARY = "libc++";
				CLANG_ENABLE_MODULES = YES;
				CLANG_ENABLE_OBJC_ARC = YES;
				CLANG_ENABLE_OBJC_WEAK = YES;
				CLANG_WARN_BLOCK_CAPTURE_AUTORELEASING = YES;
				CLANG_WARN_BOOL_CONVERSION = YES;
				CLANG_WARN_COMMA = YES;
				CLANG_WARN_CONSTANT_CONVERSION = YES;
				CLANG_WARN_DEPRECATED_OBJC_IMPLEMENTATIONS = YES;
				CLANG_WARN_DIRECT_OBJC_ISA_USAGE = YES_ERROR;
				CLANG_WARN_DOCUMENTATION_COMMENTS = YES;
				CLANG_WARN_EMPTY_BODY = YES;
				CLANG_WARN_ENUM_CONVERSION = YES;
				CLANG_WARN_INFINITE_RECURSION = YES;
				CLANG_WARN_INT_CONVERSION = YES;
				CLANG_WARN_NON_LITERAL_NULL_CONVERSION = YES;
				CLANG_WARN_OBJC_IMPLICIT_RETAIN_SELF = YES;
				CLANG_WARN_OBJC_LITERAL_CONVERSION = YES;
				CLANG_WARN_OBJC_ROOT_CLASS = YES_ERROR;
				CLANG_WARN_RANGE_LOOP_ANALYSIS = YES;
				CLANG_WARN_STRICT_PROTOTYPES = YES;
				CLANG_WARN_SUSPICIOUS_MOVE = YES;
				CLANG_WARN_UNGUARDED_AVAILABILITY = YES_AGGRESSIVE;
				CLANG_WARN_UNREACHABLE_CODE = YES;
				CLANG_WARN__DUPLICATE_METHOD_MATCH = YES;
				COPY_PHASE_STRIP = NO;
				DEBUG_INFORMATION_FORMAT = dwarf;
				ENABLE_STRICT_OBJC_MSGSEND = YES;
				ENABLE_TESTABILITY = YES;
				GCC_C_LANGUAGE_STANDARD = gnu11;
				GCC_DYNAMIC_NO_PIC = NO;
				GCC_NO_COMMON_BLOCKS = YES;
				GCC_OPTIMIZATION_LEVEL = 0;
				GCC_PREPROCESSOR_DEFINITIONS = (
					"DEBUG=1",
					"$(inherited)",
				);
				GCC_WARN_64_TO_32_BIT_CONVERSION = YES;
				GCC_WARN_ABOUT_RETURN_TYPE = YES_ERROR;
				GCC_WARN_UNDECLARED_SELECTOR = YES;
				GCC_WARN_UNINITIALIZED_AUTOS = YES_AGGRESSIVE;
				GCC_WARN_UNUSED_FUNCTION = YES;
				GCC_WARN_UNUSED_VARIABLE = YES;
				IPHONEOS_DEPLOYMENT_TARGET = 13.2;
				MTL_ENABLE_DEBUG_INFO = INCLUDE_SOURCE;
				MTL_FAST_MATH = YES;
				ONLY_ACTIVE_ARCH = YES;
				SDKROOT = iphoneos;
				SWIFT_ACTIVE_COMPILATION_CONDITIONS = DEBUG;
				SWIFT_OPTIMIZATION_LEVEL = "-Onone";
			};
			name = Debug;
		};
		C508D0E324EF4727003C4398 /* Release */ = {
			isa = XCBuildConfiguration;
			buildSettings = {
				ALWAYS_SEARCH_USER_PATHS = NO;
				CLANG_ANALYZER_NONNULL = YES;
				CLANG_ANALYZER_NUMBER_OBJECT_CONVERSION = YES_AGGRESSIVE;
				CLANG_CXX_LANGUAGE_STANDARD = "gnu++14";
				CLANG_CXX_LIBRARY = "libc++";
				CLANG_ENABLE_MODULES = YES;
				CLANG_ENABLE_OBJC_ARC = YES;
				CLANG_ENABLE_OBJC_WEAK = YES;
				CLANG_WARN_BLOCK_CAPTURE_AUTORELEASING = YES;
				CLANG_WARN_BOOL_CONVERSION = YES;
				CLANG_WARN_COMMA = YES;
				CLANG_WARN_CONSTANT_CONVERSION = YES;
				CLANG_WARN_DEPRECATED_OBJC_IMPLEMENTATIONS = YES;
				CLANG_WARN_DIRECT_OBJC_ISA_USAGE = YES_ERROR;
				CLANG_WARN_DOCUMENTATION_COMMENTS = YES;
				CLANG_WARN_EMPTY_BODY = YES;
				CLANG_WARN_ENUM_CONVERSION = YES;
				CLANG_WARN_INFINITE_RECURSION = YES;
				CLANG_WARN_INT_CONVERSION = YES;
				CLANG_WARN_NON_LITERAL_NULL_CONVERSION = YES;
				CLANG_WARN_OBJC_IMPLICIT_RETAIN_SELF = YES;
				CLANG_WARN_OBJC_LITERAL_CONVERSION = YES;
				CLANG_WARN_OBJC_ROOT_CLASS = YES_ERROR;
				CLANG_WARN_RANGE_LOOP_ANALYSIS = YES;
				CLANG_WARN_STRICT_PROTOTYPES = YES;
				CLANG_WARN_SUSPICIOUS_MOVE = YES;
				CLANG_WARN_UNGUARDED_AVAILABILITY = YES_AGGRESSIVE;
				CLANG_WARN_UNREACHABLE_CODE = YES;
				CLANG_WARN__DUPLICATE_METHOD_MATCH = YES;
				COPY_PHASE_STRIP = NO;
				DEBUG_INFORMATION_FORMAT = "dwarf-with-dsym";
				ENABLE_NS_ASSERTIONS = NO;
				ENABLE_STRICT_OBJC_MSGSEND = YES;
				GCC_C_LANGUAGE_STANDARD = gnu11;
				GCC_NO_COMMON_BLOCKS = YES;
				GCC_WARN_64_TO_32_BIT_CONVERSION = YES;
				GCC_WARN_ABOUT_RETURN_TYPE = YES_ERROR;
				GCC_WARN_UNDECLARED_SELECTOR = YES;
				GCC_WARN_UNINITIALIZED_AUTOS = YES_AGGRESSIVE;
				GCC_WARN_UNUSED_FUNCTION = YES;
				GCC_WARN_UNUSED_VARIABLE = YES;
				IPHONEOS_DEPLOYMENT_TARGET = 13.2;
				MTL_ENABLE_DEBUG_INFO = NO;
				MTL_FAST_MATH = YES;
				SDKROOT = iphoneos;
				SWIFT_COMPILATION_MODE = wholemodule;
				SWIFT_OPTIMIZATION_LEVEL = "-O";
				VALIDATE_PRODUCT = YES;
			};
			name = Release;
		};
		C508D0E524EF4727003C4398 /* Debug */ = {
			isa = XCBuildConfiguration;
			buildSettings = {
				ASSETCATALOG_COMPILER_APPICON_NAME = AppIcon;
				CODE_SIGN_STYLE = Automatic;
				DEVELOPMENT_TEAM = SREMU6S37V;
				INFOPLIST_FILE = TipCalc/Info.plist;
				LD_RUNPATH_SEARCH_PATHS = (
					"$(inherited)",
					"@executable_path/Frameworks",
				);
				PRODUCT_BUNDLE_IDENTIFIER = Codepath.TipCalc;
				PRODUCT_NAME = "$(TARGET_NAME)";
				SWIFT_VERSION = 5.0;
				TARGETED_DEVICE_FAMILY = "1,2";
			};
			name = Debug;
		};
		C508D0E624EF4727003C4398 /* Release */ = {
			isa = XCBuildConfiguration;
			buildSettings = {
				ASSETCATALOG_COMPILER_APPICON_NAME = AppIcon;
				CODE_SIGN_STYLE = Automatic;
				DEVELOPMENT_TEAM = SREMU6S37V;
				INFOPLIST_FILE = TipCalc/Info.plist;
				LD_RUNPATH_SEARCH_PATHS = (
					"$(inherited)",
					"@executable_path/Frameworks",
				);
				PRODUCT_BUNDLE_IDENTIFIER = Codepath.TipCalc;
				PRODUCT_NAME = "$(TARGET_NAME)";
				SWIFT_VERSION = 5.0;
				TARGETED_DEVICE_FAMILY = "1,2";
			};
			name = Release;
		};
		C508D0E824EF4727003C4398 /* Debug */ = {
			isa = XCBuildConfiguration;
			buildSettings = {
				ALWAYS_EMBED_SWIFT_STANDARD_LIBRARIES = YES;
				BUNDLE_LOADER = "$(TEST_HOST)";
				CODE_SIGN_STYLE = Automatic;
				DEVELOPMENT_TEAM = SREMU6S37V;
				INFOPLIST_FILE = TipCalcTests/Info.plist;
				IPHONEOS_DEPLOYMENT_TARGET = 13.2;
				LD_RUNPATH_SEARCH_PATHS = (
					"$(inherited)",
					"@executable_path/Frameworks",
					"@loader_path/Frameworks",
				);
				PRODUCT_BUNDLE_IDENTIFIER = Codepath.TipCalcTests;
				PRODUCT_NAME = "$(TARGET_NAME)";
				SWIFT_VERSION = 5.0;
				TARGETED_DEVICE_FAMILY = "1,2";
				TEST_HOST = "$(BUILT_PRODUCTS_DIR)/TipCalc.app/TipCalc";
			};
			name = Debug;
		};
		C508D0E924EF4727003C4398 /* Release */ = {
			isa = XCBuildConfiguration;
			buildSettings = {
				ALWAYS_EMBED_SWIFT_STANDARD_LIBRARIES = YES;
				BUNDLE_LOADER = "$(TEST_HOST)";
				CODE_SIGN_STYLE = Automatic;
				DEVELOPMENT_TEAM = SREMU6S37V;
				INFOPLIST_FILE = TipCalcTests/Info.plist;
				IPHONEOS_DEPLOYMENT_TARGET = 13.2;
				LD_RUNPATH_SEARCH_PATHS = (
					"$(inherited)",
					"@executable_path/Frameworks",
					"@loader_path/Frameworks",
				);
				PRODUCT_BUNDLE_IDENTIFIER = Codepath.TipCalcTests;
				PRODUCT_NAME = "$(TARGET_NAME)";
				SWIFT_VERSION = 5.0;
				TARGETED_DEVICE_FAMILY = "1,2";
				TEST_HOST = "$(BUILT_PRODUCTS_DIR)/TipCalc.app/TipCalc";
			};
			name = Release;
		};
		C508D0EB24EF4727003C4398 /* Debug */ = {
			isa = XCBuildConfiguration;
			buildSettings = {
				ALWAYS_EMBED_SWIFT_STANDARD_LIBRARIES = YES;
				CODE_SIGN_STYLE = Automatic;
				DEVELOPMENT_TEAM = SREMU6S37V;
				INFOPLIST_FILE = TipCalcUITests/Info.plist;
				LD_RUNPATH_SEARCH_PATHS = (
					"$(inherited)",
					"@executable_path/Frameworks",
					"@loader_path/Frameworks",
				);
				PRODUCT_BUNDLE_IDENTIFIER = Codepath.TipCalcUITests;
				PRODUCT_NAME = "$(TARGET_NAME)";
				SWIFT_VERSION = 5.0;
				TARGETED_DEVICE_FAMILY = "1,2";
				TEST_TARGET_NAME = TipCalc;
			};
			name = Debug;
		};
		C508D0EC24EF4727003C4398 /* Release */ = {
			isa = XCBuildConfiguration;
			buildSettings = {
				ALWAYS_EMBED_SWIFT_STANDARD_LIBRARIES = YES;
				CODE_SIGN_STYLE = Automatic;
				DEVELOPMENT_TEAM = SREMU6S37V;
				INFOPLIST_FILE = TipCalcUITests/Info.plist;
				LD_RUNPATH_SEARCH_PATHS = (
					"$(inherited)",
					"@executable_path/Frameworks",
					"@loader_path/Frameworks",
				);
				PRODUCT_BUNDLE_IDENTIFIER = Codepath.TipCalcUITests;
				PRODUCT_NAME = "$(TARGET_NAME)";
				SWIFT_VERSION = 5.0;
				TARGETED_DEVICE_FAMILY = "1,2";
				TEST_TARGET_NAME = TipCalc;
			};
			name = Release;
		};
/* End XCBuildConfiguration section */

/* Begin XCConfigurationList section */
		C508D0B524EF4724003C4398 /* Build configuration list for PBXProject "TipCalc" */ = {
			isa = XCConfigurationList;
			buildConfigurations = (
				C508D0E224EF4727003C4398 /* Debug */,
				C508D0E324EF4727003C4398 /* Release */,
			);
			defaultConfigurationIsVisible = 0;
			defaultConfigurationName = Release;
		};
		C508D0E424EF4727003C4398 /* Build configuration list for PBXNativeTarget "TipCalc" */ = {
			isa = XCConfigurationList;
			buildConfigurations = (
				C508D0E524EF4727003C4398 /* Debug */,
				C508D0E624EF4727003C4398 /* Release */,
			);
			defaultConfigurationIsVisible = 0;
			defaultConfigurationName = Release;
		};
		C508D0E724EF4727003C4398 /* Build configuration list for PBXNativeTarget "TipCalcTests" */ = {
			isa = XCConfigurationList;
			buildConfigurations = (
				C508D0E824EF4727003C4398 /* Debug */,
				C508D0E924EF4727003C4398 /* Release */,
			);
			defaultConfigurationIsVisible = 0;
			defaultConfigurationName = Release;
		};
		C508D0EA24EF4727003C4398 /* Build configuration list for PBXNativeTarget "TipCalcUITests" */ = {
			isa = XCConfigurationList;
			buildConfigurations = (
				C508D0EB24EF4727003C4398 /* Debug */,
				C508D0EC24EF4727003C4398 /* Release */,
			);
			defaultConfigurationIsVisible = 0;
			defaultConfigurationName = Release;
		};
/* End XCConfigurationList section */
	};
	rootObject = C508D0B224EF4724003C4398 /* Project object */;
}
